
Microsoft Visual Studio Solution File, Format Version 12.00
# Visual Studio Version 16
VisualStudioVersion = 16.0.31605.320
MinimumVisualStudioVersion = 10.0.40219.1
Project("{FAE04EC0-301F-11D3-BF4B-00C04F79EFBC}") = "PizzaOneBox", "PizzaOneBox\PizzaOneBox.csproj", "{DD43ACF3-D04E-49E4-A283-FC557BFE4CC4}"
EndProject
Global
	GlobalSection(SolutionConfigurationPlatforms) = preSolution
		Debug|Any CPU = Debug|Any CPU
		Release|Any CPU = Release|Any CPU
	EndGlobalSection
	GlobalSection(ProjectConfigurationPlatforms) = postSolution
		{DD43ACF3-D04E-49E4-A283-FC557BFE4CC4}.Debug|Any CPU.ActiveCfg = Debug|Any CPU
		{DD43ACF3-D04E-49E4-A283-FC557BFE4CC4}.Debug|Any CPU.Build.0 = Debug|Any CPU
		{DD43ACF3-D04E-49E4-A283-FC557BFE4CC4}.Release|Any CPU.ActiveCfg = Release|Any CPU
		{DD43ACF3-D04E-49E4-A283-FC557BFE4CC4}.Release|Any CPU.Build.0 = Release|Any CPU
	EndGlobalSection
	GlobalSection(SolutionProperties) = preSolution
		HideSolutionNode = FALSE
	EndGlobalSection
	GlobalSection(ExtensibilityGlobals) = postSolution
		SolutionGuid = {C06F0026-D791-44EF-9A98-F70CE876B5D1}
	EndGlobalSection
EndGlobal
